{
  "requires": true,
  "lockfileVersion": 1,
  "dependencies": {
    "@mdi/font": {
      "version": "4.5.95",
      "resolved": "https://registry.npmjs.org/@mdi/font/-/font-4.5.95.tgz",
      "integrity": "sha512-AjR2Zgu1feBXWlTfEjD6JQqLAMCqYn2Gzia5PWqFnysvz5F6JmPHtQFldIHXqyv2s/FwME7ZDBc5N86NEHbyvQ=="
    }
  }
}
